
Microsoft Visual Studio Solution File, Format Version 12.00
# Visual Studio Version 17
VisualStudioVersion = 17.3.32819.101
MinimumVisualStudioVersion = 10.0.40219.1
Project("{FAE04EC0-301F-11D3-BF4B-00C04F79EFBC}") = "Tooded_DB", "Tooded_DB.csproj", "{2DE47546-8055-4C2D-8D87-5EBC9A9980A4}"
EndProject
Global
	GlobalSection(SolutionConfigurationPlatforms) = preSolution
		Debug|Any CPU = Debug|Any CPU
		Release|Any CPU = Release|Any CPU
	EndGlobalSection
	GlobalSection(ProjectConfigurationPlatforms) = postSolution
		{2DE47546-8055-4C2D-8D87-5EBC9A9980A4}.Debug|Any CPU.ActiveCfg = Debug|Any CPU
		{2DE47546-8055-4C2D-8D87-5EBC9A9980A4}.Debug|Any CPU.Build.0 = Debug|Any CPU
		{2DE47546-8055-4C2D-8D87-5EBC9A9980A4}.Release|Any CPU.ActiveCfg = Release|Any CPU
		{2DE47546-8055-4C2D-8D87-5EBC9A9980A4}.Release|Any CPU.Build.0 = Release|Any CPU
	EndGlobalSection
	GlobalSection(SolutionProperties) = preSolution
		HideSolutionNode = FALSE
	EndGlobalSection
	GlobalSection(ExtensibilityGlobals) = postSolution
		SolutionGuid = {CFA68C22-D122-4CA2-B3C6-F8B9370BE457}
	EndGlobalSection
EndGlobal
